
Microsoft Visual Studio Solution File, Format Version 12.00
# Visual Studio Version 16
VisualStudioVersion = 16.0.30914.41
MinimumVisualStudioVersion = 10.0.40219.1
Project("{9A19103F-16F7-4668-BE54-9A1E7A4F7556}") = "ListaTarefasAula", "ListaTarefasAula\ListaTarefasAula.csproj", "{2ADA06B6-6575-4C40-AC97-8AA265BA96C9}"
EndProject
Project("{9A19103F-16F7-4668-BE54-9A1E7A4F7556}") = "Models", "Models\Models.csproj", "{22BDF8CF-836C-4815-BE81-27EC6CF95C4E}"
EndProject
Project("{FAE04EC0-301F-11D3-BF4B-00C04F79EFBC}") = "DataAcess", "DataAcess\DataAcess.csproj", "{0E7EFA72-260D-4592-8E03-8D76E41D1297}"
EndProject
Global
	GlobalSection(SolutionConfigurationPlatforms) = preSolution
		Debug|Any CPU = Debug|Any CPU
		Release|Any CPU = Release|Any CPU
	EndGlobalSection
	GlobalSection(ProjectConfigurationPlatforms) = postSolution
		{2ADA06B6-6575-4C40-AC97-8AA265BA96C9}.Debug|Any CPU.ActiveCfg = Debug|Any CPU
		{2ADA06B6-6575-4C40-AC97-8AA265BA96C9}.Debug|Any CPU.Build.0 = Debug|Any CPU
		{2ADA06B6-6575-4C40-AC97-8AA265BA96C9}.Release|Any CPU.ActiveCfg = Release|Any CPU
		{2ADA06B6-6575-4C40-AC97-8AA265BA96C9}.Release|Any CPU.Build.0 = Release|Any CPU
		{22BDF8CF-836C-4815-BE81-27EC6CF95C4E}.Debug|Any CPU.ActiveCfg = Debug|Any CPU
		{22BDF8CF-836C-4815-BE81-27EC6CF95C4E}.Debug|Any CPU.Build.0 = Debug|Any CPU
		{22BDF8CF-836C-4815-BE81-27EC6CF95C4E}.Release|Any CPU.ActiveCfg = Release|Any CPU
		{22BDF8CF-836C-4815-BE81-27EC6CF95C4E}.Release|Any CPU.Build.0 = Release|Any CPU
		{0E7EFA72-260D-4592-8E03-8D76E41D1297}.Debug|Any CPU.ActiveCfg = Debug|Any CPU
		{0E7EFA72-260D-4592-8E03-8D76E41D1297}.Debug|Any CPU.Build.0 = Debug|Any CPU
		{0E7EFA72-260D-4592-8E03-8D76E41D1297}.Release|Any CPU.ActiveCfg = Release|Any CPU
		{0E7EFA72-260D-4592-8E03-8D76E41D1297}.Release|Any CPU.Build.0 = Release|Any CPU
	EndGlobalSection
	GlobalSection(SolutionProperties) = preSolution
		HideSolutionNode = FALSE
	EndGlobalSection
	GlobalSection(ExtensibilityGlobals) = postSolution
		SolutionGuid = {226F2E44-E04B-4CA5-AD44-865F91DEE9BA}
	EndGlobalSection
EndGlobal
